{
  "name": "typescript-skill-check",
  "version": "1.0.0",
  "lockfileVersion": 1,
  "requires": true,
  "dependencies": {
    "@types/node": {
      "version": "9.4.4",
      "resolved": "https://registry.npmjs.org/@types/node/-/node-9.4.4.tgz",
      "integrity": "sha512-pTi6f79uELOTQ2TtXxWcjmJ+iZa1C3ypm6pGNU/viOQX/VfBXLmsZEcJPk1rm+lia+GP6GpgFGUkCvLJ7JOKDA==",
      "dev": true
    },
    "typescript": {
      "version": "2.7.1",
      "resolved": "https://registry.npmjs.org/typescript/-/typescript-2.7.1.tgz",
      "integrity": "sha512-bqB1yS6o9TNA9ZC/MJxM0FZzPnZdtHj0xWK/IZ5khzVqdpGul/R/EIiHRgFXlwTD7PSIaYVnGKq1QgMCu2mnqw=="
    }
  }
}
